
Microsoft Visual Studio Solution File, Format Version 12.00
# Visual Studio Version 17
VisualStudioVersion = 17.8.34330.188
MinimumVisualStudioVersion = 10.0.40219.1
Project("{9A19103F-16F7-4668-BE54-9A1E7A4F7556}") = "VirtualAirApi", "VirtualAirApi\VirtualAirApi.csproj", "{BF12E0BB-3CA3-4B71-A87C-2C96CCA25980}"
EndProject
Project("{9A19103F-16F7-4668-BE54-9A1E7A4F7556}") = "VirtualAirDataApi", "VirtualAirDataApi\VirtualAirDataApi.csproj", "{798CDF72-39A7-4442-9F4E-75B018827A60}"
EndProject
Project("{2150E333-8FDC-42A3-9474-1A3956D46DE8}") = "Solution Items", "Solution Items", "{410AB5BE-8D50-43BD-BB5B-2584ED3878F8}"
	ProjectSection(SolutionItems) = preProject
		.env = .env
		.gitlab-ci.yml = .gitlab-ci.yml
		docker-compose.yml = docker-compose.yml
		README.md = README.md
	EndProjectSection
EndProject
Global
	GlobalSection(SolutionConfigurationPlatforms) = preSolution
		Debug|Any CPU = Debug|Any CPU
		Release|Any CPU = Release|Any CPU
	EndGlobalSection
	GlobalSection(ProjectConfigurationPlatforms) = postSolution
		{BF12E0BB-3CA3-4B71-A87C-2C96CCA25980}.Debug|Any CPU.ActiveCfg = Debug|Any CPU
		{BF12E0BB-3CA3-4B71-A87C-2C96CCA25980}.Debug|Any CPU.Build.0 = Debug|Any CPU
		{BF12E0BB-3CA3-4B71-A87C-2C96CCA25980}.Release|Any CPU.ActiveCfg = Release|Any CPU
		{BF12E0BB-3CA3-4B71-A87C-2C96CCA25980}.Release|Any CPU.Build.0 = Release|Any CPU
		{798CDF72-39A7-4442-9F4E-75B018827A60}.Debug|Any CPU.ActiveCfg = Debug|Any CPU
		{798CDF72-39A7-4442-9F4E-75B018827A60}.Debug|Any CPU.Build.0 = Debug|Any CPU
		{798CDF72-39A7-4442-9F4E-75B018827A60}.Release|Any CPU.ActiveCfg = Release|Any CPU
		{798CDF72-39A7-4442-9F4E-75B018827A60}.Release|Any CPU.Build.0 = Release|Any CPU
	EndGlobalSection
	GlobalSection(SolutionProperties) = preSolution
		HideSolutionNode = FALSE
	EndGlobalSection
	GlobalSection(ExtensibilityGlobals) = postSolution
		SolutionGuid = {805E54E1-F952-443D-BCC9-21660C2D8CC1}
	EndGlobalSection
EndGlobal
